// !$*UTF8*$!
{
	archiveVersion = 1;
	classes = {
	};
	objectVersion = 50;
	objects = {

/* Begin PBXBuildFile section */
		4BD06246213F167F00A6DC60 /* AppDelegate.swift in Sources */ = {isa = PBXBuildFile; fileRef = 4BD06245213F167F00A6DC60 /* AppDelegate.swift */; };
		4BD0624D213F168100A6DC60 /* Assets.xcassets in Resources */ = {isa = PBXBuildFile; fileRef = 4BD0624C213F168100A6DC60 /* Assets.xcassets */; };
		4BD06250213F168100A6DC60 /* LaunchScreen.storyboard in Resources */ = {isa = PBXBuildFile; fileRef = 4BD0624E213F168100A6DC60 /* LaunchScreen.storyboard */; };
		4BD0626D213F186400A6DC60 /* NowPlayingViewControllerTests.swift in Sources */ = {isa = PBXBuildFile; fileRef = 4BD0626C213F186400A6DC60 /* NowPlayingViewControllerTests.swift */; };
		4BD06272213F18DB00A6DC60 /* NowPlayingViewController.swift in Sources */ = {isa = PBXBuildFile; fileRef = 4BD06270213F18DB00A6DC60 /* NowPlayingViewController.swift */; };
		4BD06273213F18DB00A6DC60 /* NowPlayingViewController.xib in Resources */ = {isa = PBXBuildFile; fileRef = 4BD06271213F18DB00A6DC60 /* NowPlayingViewController.xib */; };
		4BD06276213F204400A6DC60 /* NowPlayingViewModelTests.swift in Sources */ = {isa = PBXBuildFile; fileRef = 4BD06275213F204400A6DC60 /* NowPlayingViewModelTests.swift */; };
		4BD06279213F209700A6DC60 /* NowPlayingViewModel.swift in Sources */ = {isa = PBXBuildFile; fileRef = 4BD06278213F209700A6DC60 /* NowPlayingViewModel.swift */; };
		4BD06282213F22DA00A6DC60 /* MovieCell.swift in Sources */ = {isa = PBXBuildFile; fileRef = 4BD06280213F22DA00A6DC60 /* MovieCell.swift */; };
		4BD06283213F22DA00A6DC60 /* MovieCell.xib in Resources */ = {isa = PBXBuildFile; fileRef = 4BD06281213F22DA00A6DC60 /* MovieCell.xib */; };
		4BD06286213F257000A6DC60 /* UICollectionViewCellExtensions.swift in Sources */ = {isa = PBXBuildFile; fileRef = 4BD06285213F257000A6DC60 /* UICollectionViewCellExtensions.swift */; };
		4BD06288213FC3BA00A6DC60 /* UICollectionViewExtensions.swift in Sources */ = {isa = PBXBuildFile; fileRef = 4BD06287213FC3B900A6DC60 /* UICollectionViewExtensions.swift */; };
		4BD0628E213FC75500A6DC60 /* MovieAPIProtocol.swift in Sources */ = {isa = PBXBuildFile; fileRef = 4BD0628D213FC75500A6DC60 /* MovieAPIProtocol.swift */; };
		4BD06290213FC8A600A6DC60 /* MovieAPIClient.swift in Sources */ = {isa = PBXBuildFile; fileRef = 4BD0628F213FC8A600A6DC60 /* MovieAPIClient.swift */; };
		4BD06293213FCA0A00A6DC60 /* MockAPIClient.swift in Sources */ = {isa = PBXBuildFile; fileRef = 4BD06292213FCA0A00A6DC60 /* MockAPIClient.swift */; };
		4BD06296213FCB7500A6DC60 /* MovieAPIClientTests.swift in Sources */ = {isa = PBXBuildFile; fileRef = 4BD06295213FCB7500A6DC60 /* MovieAPIClientTests.swift */; };
		4BD06299213FCC2100A6DC60 /* APIEngineProtocol.swift in Sources */ = {isa = PBXBuildFile; fileRef = 4BD06298213FCC2100A6DC60 /* APIEngineProtocol.swift */; };
		4BD0629B213FCCA800A6DC60 /* APIEngine.swift in Sources */ = {isa = PBXBuildFile; fileRef = 4BD0629A213FCCA800A6DC60 /* APIEngine.swift */; };
		4BD0629E213FCD8E00A6DC60 /* APIEngineTests.swift in Sources */ = {isa = PBXBuildFile; fileRef = 4BD0629D213FCD8E00A6DC60 /* APIEngineTests.swift */; };
		4BD062A0213FE91000A6DC60 /* APIError.swift in Sources */ = {isa = PBXBuildFile; fileRef = 4BD0629F213FE91000A6DC60 /* APIError.swift */; };
		4BD062A2213FE95A00A6DC60 /* APIEndpoints.swift in Sources */ = {isa = PBXBuildFile; fileRef = 4BD062A1213FE95A00A6DC60 /* APIEndpoints.swift */; };
		4BD062A5213FE9B000A6DC60 /* AppConstants.swift in Sources */ = {isa = PBXBuildFile; fileRef = 4BD062A4213FE9B000A6DC60 /* AppConstants.swift */; };
		4BD062A8213FED2200A6DC60 /* NowPlayingResponse.swift in Sources */ = {isa = PBXBuildFile; fileRef = 4BD062A7213FED2200A6DC60 /* NowPlayingResponse.swift */; };
		4BD062AB213FF07B00A6DC60 /* MovieExtensions.swift in Sources */ = {isa = PBXBuildFile; fileRef = 4BD062AA213FF07B00A6DC60 /* MovieExtensions.swift */; };
/* End PBXBuildFile section */

/* Begin PBXContainerItemProxy section */
		4BD06257213F168100A6DC60 /* PBXContainerItemProxy */ = {
			isa = PBXContainerItemProxy;
			containerPortal = 4BD0623A213F167F00A6DC60 /* Project object */;
			proxyType = 1;
			remoteGlobalIDString = 4BD06241213F167F00A6DC60;
			remoteInfo = MovieSide;
		};
/* End PBXContainerItemProxy section */

/* Begin PBXFileReference section */
		4BD06242213F167F00A6DC60 /* MovieSide.app */ = {isa = PBXFileReference; explicitFileType = wrapper.application; includeInIndex = 0; path = MovieSide.app; sourceTree = BUILT_PRODUCTS_DIR; };
		4BD06245213F167F00A6DC60 /* AppDelegate.swift */ = {isa = PBXFileReference; lastKnownFileType = sourcecode.swift; path = AppDelegate.swift; sourceTree = "<group>"; };
		4BD0624C213F168100A6DC60 /* Assets.xcassets */ = {isa = PBXFileReference; lastKnownFileType = folder.assetcatalog; path = Assets.xcassets; sourceTree = "<group>"; };
		4BD0624F213F168100A6DC60 /* Base */ = {isa = PBXFileReference; lastKnownFileType = file.storyboard; name = Base; path = Base.lproj/LaunchScreen.storyboard; sourceTree = "<group>"; };
		4BD06251213F168100A6DC60 /* Info.plist */ = {isa = PBXFileReference; lastKnownFileType = text.plist.xml; path = Info.plist; sourceTree = "<group>"; };
		4BD06256213F168100A6DC60 /* MovieSideTests.xctest */ = {isa = PBXFileReference; explicitFileType = wrapper.cfbundle; includeInIndex = 0; path = MovieSideTests.xctest; sourceTree = BUILT_PRODUCTS_DIR; };
		4BD0625C213F168100A6DC60 /* Info.plist */ = {isa = PBXFileReference; lastKnownFileType = text.plist.xml; path = Info.plist; sourceTree = "<group>"; };
		4BD0626C213F186400A6DC60 /* NowPlayingViewControllerTests.swift */ = {isa = PBXFileReference; lastKnownFileType = sourcecode.swift; path = NowPlayingViewControllerTests.swift; sourceTree = "<group>"; };
		4BD06270213F18DB00A6DC60 /* NowPlayingViewController.swift */ = {isa = PBXFileReference; lastKnownFileType = sourcecode.swift; path = NowPlayingViewController.swift; sourceTree = "<group>"; };
		4BD06271213F18DB00A6DC60 /* NowPlayingViewController.xib */ = {isa = PBXFileReference; lastKnownFileType = file.xib; path = NowPlayingViewController.xib; sourceTree = "<group>"; };
		4BD06275213F204400A6DC60 /* NowPlayingViewModelTests.swift */ = {isa = PBXFileReference; lastKnownFileType = sourcecode.swift; path = NowPlayingViewModelTests.swift; sourceTree = "<group>"; };
		4BD06278213F209700A6DC60 /* NowPlayingViewModel.swift */ = {isa = PBXFileReference; lastKnownFileType = sourcecode.swift; path = NowPlayingViewModel.swift; sourceTree = "<group>"; };
		4BD06280213F22DA00A6DC60 /* MovieCell.swift */ = {isa = PBXFileReference; lastKnownFileType = sourcecode.swift; path = MovieCell.swift; sourceTree = "<group>"; };
		4BD06281213F22DA00A6DC60 /* MovieCell.xib */ = {isa = PBXFileReference; lastKnownFileType = file.xib; path = MovieCell.xib; sourceTree = "<group>"; };
		4BD06285213F257000A6DC60 /* UICollectionViewCellExtensions.swift */ = {isa = PBXFileReference; lastKnownFileType = sourcecode.swift; path = UICollectionViewCellExtensions.swift; sourceTree = "<group>"; };
		4BD06287213FC3B900A6DC60 /* UICollectionViewExtensions.swift */ = {isa = PBXFileReference; lastKnownFileType = sourcecode.swift; path = UICollectionViewExtensions.swift; sourceTree = "<group>"; };
		4BD0628D213FC75500A6DC60 /* MovieAPIProtocol.swift */ = {isa = PBXFileReference; lastKnownFileType = sourcecode.swift; path = MovieAPIProtocol.swift; sourceTree = "<group>"; };
		4BD0628F213FC8A600A6DC60 /* MovieAPIClient.swift */ = {isa = PBXFileReference; lastKnownFileType = sourcecode.swift; path = MovieAPIClient.swift; sourceTree = "<group>"; };
		4BD06292213FCA0A00A6DC60 /* MockAPIClient.swift */ = {isa = PBXFileReference; lastKnownFileType = sourcecode.swift; path = MockAPIClient.swift; sourceTree = "<group>"; };
		4BD06295213FCB7500A6DC60 /* MovieAPIClientTests.swift */ = {isa = PBXFileReference; lastKnownFileType = sourcecode.swift; path = MovieAPIClientTests.swift; sourceTree = "<group>"; };
		4BD06298213FCC2100A6DC60 /* APIEngineProtocol.swift */ = {isa = PBXFileReference; lastKnownFileType = sourcecode.swift; path = APIEngineProtocol.swift; sourceTree = "<group>"; };
		4BD0629A213FCCA800A6DC60 /* APIEngine.swift */ = {isa = PBXFileReference; lastKnownFileType = sourcecode.swift; path = APIEngine.swift; sourceTree = "<group>"; };
		4BD0629D213FCD8E00A6DC60 /* APIEngineTests.swift */ = {isa = PBXFileReference; lastKnownFileType = sourcecode.swift; path = APIEngineTests.swift; sourceTree = "<group>"; };
		4BD0629F213FE91000A6DC60 /* APIError.swift */ = {isa = PBXFileReference; lastKnownFileType = sourcecode.swift; path = APIError.swift; sourceTree = "<group>"; };
		4BD062A1213FE95A00A6DC60 /* APIEndpoints.swift */ = {isa = PBXFileReference; lastKnownFileType = sourcecode.swift; path = APIEndpoints.swift; sourceTree = "<group>"; };
		4BD062A4213FE9B000A6DC60 /* AppConstants.swift */ = {isa = PBXFileReference; lastKnownFileType = sourcecode.swift; path = AppConstants.swift; sourceTree = "<group>"; };
		4BD062A7213FED2200A6DC60 /* NowPlayingResponse.swift */ = {isa = PBXFileReference; lastKnownFileType = sourcecode.swift; path = NowPlayingResponse.swift; sourceTree = "<group>"; };
		4BD062AA213FF07B00A6DC60 /* MovieExtensions.swift */ = {isa = PBXFileReference; lastKnownFileType = sourcecode.swift; path = MovieExtensions.swift; sourceTree = "<group>"; };
/* End PBXFileReference section */

/* Begin PBXFrameworksBuildPhase section */
		4BD0623F213F167F00A6DC60 /* Frameworks */ = {
			isa = PBXFrameworksBuildPhase;
			buildActionMask = 2147483647;
			files = (
			);
			runOnlyForDeploymentPostprocessing = 0;
		};
		4BD06253213F168100A6DC60 /* Frameworks */ = {
			isa = PBXFrameworksBuildPhase;
			buildActionMask = 2147483647;
			files = (
			);
			runOnlyForDeploymentPostprocessing = 0;
		};
/* End PBXFrameworksBuildPhase section */

/* Begin PBXGroup section */
		4BD06239213F167F00A6DC60 = {
			isa = PBXGroup;
			children = (
				4BD06244213F167F00A6DC60 /* MovieSide */,
				4BD06259213F168100A6DC60 /* MovieSideTests */,
				4BD06243213F167F00A6DC60 /* Products */,
			);
			sourceTree = "<group>";
		};
		4BD06243213F167F00A6DC60 /* Products */ = {
			isa = PBXGroup;
			children = (
				4BD06242213F167F00A6DC60 /* MovieSide.app */,
				4BD06256213F168100A6DC60 /* MovieSideTests.xctest */,
			);
			name = Products;
			sourceTree = "<group>";
		};
		4BD06244213F167F00A6DC60 /* MovieSide */ = {
			isa = PBXGroup;
			children = (
				4BD0628C213FC74500A6DC60 /* API */,
				4BD0627A213F225C00A6DC60 /* Common */,
				4BD06266213F169C00A6DC60 /* Module */,
				4BD06265213F168E00A6DC60 /* Resource */,
			);
			path = MovieSide;
			sourceTree = "<group>";
		};
		4BD06259213F168100A6DC60 /* MovieSideTests */ = {
			isa = PBXGroup;
			children = (
				4BD06294213FCB5C00A6DC60 /* API */,
				4BD06291213FC9F200A6DC60 /* TestHelpers */,
				4BD06269213F182000A6DC60 /* Module */,
				4BD0625C213F168100A6DC60 /* Info.plist */,
			);
			path = MovieSideTests;
			sourceTree = "<group>";
		};
		4BD06265213F168E00A6DC60 /* Resource */ = {
			isa = PBXGroup;
			children = (
				4BD0624C213F168100A6DC60 /* Assets.xcassets */,
				4BD0624E213F168100A6DC60 /* LaunchScreen.storyboard */,
				4BD06251213F168100A6DC60 /* Info.plist */,
			);
			path = Resource;
			sourceTree = "<group>";
		};
		4BD06266213F169C00A6DC60 /* Module */ = {
			isa = PBXGroup;
			children = (
				4BD06267213F16A400A6DC60 /* AppDelegate */,
				4BD0626E213F18C000A6DC60 /* NowPlaying */,
			);
			path = Module;
			sourceTree = "<group>";
		};
		4BD06267213F16A400A6DC60 /* AppDelegate */ = {
			isa = PBXGroup;
			children = (
				4BD06245213F167F00A6DC60 /* AppDelegate.swift */,
			);
			path = AppDelegate;
			sourceTree = "<group>";
		};
		4BD06269213F182000A6DC60 /* Module */ = {
			isa = PBXGroup;
			children = (
				4BD0626A213F183600A6DC60 /* NowPlaying */,
			);
			path = Module;
			sourceTree = "<group>";
		};
		4BD0626A213F183600A6DC60 /* NowPlaying */ = {
			isa = PBXGroup;
			children = (
				4BD06274213F202B00A6DC60 /* ViewModel */,
				4BD0626B213F184400A6DC60 /* View */,
			);
			path = NowPlaying;
			sourceTree = "<group>";
		};
		4BD0626B213F184400A6DC60 /* View */ = {
			isa = PBXGroup;
			children = (
				4BD0626C213F186400A6DC60 /* NowPlayingViewControllerTests.swift */,
			);
			path = View;
			sourceTree = "<group>";
		};
		4BD0626E213F18C000A6DC60 /* NowPlaying */ = {
			isa = PBXGroup;
			children = (
				4BD06277213F208B00A6DC60 /* ViewModel */,
				4BD0626F213F18C900A6DC60 /* View */,
			);
			path = NowPlaying;
			sourceTree = "<group>";
		};
		4BD0626F213F18C900A6DC60 /* View */ = {
			isa = PBXGroup;
			children = (
				4BD06270213F18DB00A6DC60 /* NowPlayingViewController.swift */,
				4BD06271213F18DB00A6DC60 /* NowPlayingViewController.xib */,
			);
			path = View;
			sourceTree = "<group>";
		};
		4BD06274213F202B00A6DC60 /* ViewModel */ = {
			isa = PBXGroup;
			children = (
				4BD06275213F204400A6DC60 /* NowPlayingViewModelTests.swift */,
			);
			path = ViewModel;
			sourceTree = "<group>";
		};
		4BD06277213F208B00A6DC60 /* ViewModel */ = {
			isa = PBXGroup;
			children = (
				4BD06278213F209700A6DC60 /* NowPlayingViewModel.swift */,
			);
			path = ViewModel;
			sourceTree = "<group>";
		};
		4BD0627A213F225C00A6DC60 /* Common */ = {
			isa = PBXGroup;
			children = (
				4BD062A3213FE99400A6DC60 /* Constant */,
				4BD06284213F255D00A6DC60 /* Extension */,
				4BD0627B213F226900A6DC60 /* View */,
			);
			path = Common;
			sourceTree = "<group>";
		};
		4BD0627B213F226900A6DC60 /* View */ = {
			isa = PBXGroup;
			children = (
				4BD06280213F22DA00A6DC60 /* MovieCell.swift */,
				4BD06281213F22DA00A6DC60 /* MovieCell.xib */,
			);
			path = View;
			sourceTree = "<group>";
		};
		4BD06284213F255D00A6DC60 /* Extension */ = {
			isa = PBXGroup;
			children = (
				4BD06285213F257000A6DC60 /* UICollectionViewCellExtensions.swift */,
				4BD06287213FC3B900A6DC60 /* UICollectionViewExtensions.swift */,
			);
			path = Extension;
			sourceTree = "<group>";
		};
		4BD0628C213FC74500A6DC60 /* API */ = {
			isa = PBXGroup;
			children = (
				4BD062A6213FECFB00A6DC60 /* DataModel */,
				4BD06297213FCC0B00A6DC60 /* Engine */,
				4BD0628D213FC75500A6DC60 /* MovieAPIProtocol.swift */,
				4BD0628F213FC8A600A6DC60 /* MovieAPIClient.swift */,
				4BD062A1213FE95A00A6DC60 /* APIEndpoints.swift */,
			);
			path = API;
			sourceTree = "<group>";
		};
		4BD06291213FC9F200A6DC60 /* TestHelpers */ = {
			isa = PBXGroup;
			children = (
				4BD06292213FCA0A00A6DC60 /* MockAPIClient.swift */,
				4BD062AA213FF07B00A6DC60 /* MovieExtensions.swift */,
			);
			path = TestHelpers;
			sourceTree = "<group>";
		};
		4BD06294213FCB5C00A6DC60 /* API */ = {
			isa = PBXGroup;
			children = (
				4BD0629C213FCD7D00A6DC60 /* Engine */,
				4BD06295213FCB7500A6DC60 /* MovieAPIClientTests.swift */,
			);
			path = API;
			sourceTree = "<group>";
		};
		4BD06297213FCC0B00A6DC60 /* Engine */ = {
			isa = PBXGroup;
			children = (
				4BD06298213FCC2100A6DC60 /* APIEngineProtocol.swift */,
				4BD0629A213FCCA800A6DC60 /* APIEngine.swift */,
				4BD0629F213FE91000A6DC60 /* APIError.swift */,
			);
			path = Engine;
			sourceTree = "<group>";
		};
		4BD0629C213FCD7D00A6DC60 /* Engine */ = {
			isa = PBXGroup;
			children = (
				4BD0629D213FCD8E00A6DC60 /* APIEngineTests.swift */,
			);
			path = Engine;
			sourceTree = "<group>";
		};
		4BD062A3213FE99400A6DC60 /* Constant */ = {
			isa = PBXGroup;
			children = (
				4BD062A4213FE9B000A6DC60 /* AppConstants.swift */,
			);
			path = Constant;
			sourceTree = "<group>";
		};
		4BD062A6213FECFB00A6DC60 /* DataModel */ = {
			isa = PBXGroup;
			children = (
				4BD062A7213FED2200A6DC60 /* NowPlayingResponse.swift */,
			);
			path = DataModel;
			sourceTree = "<group>";
		};
/* End PBXGroup section */

/* Begin PBXNativeTarget section */
		4BD06241213F167F00A6DC60 /* MovieSide */ = {
			isa = PBXNativeTarget;
			buildConfigurationList = 4BD0625F213F168100A6DC60 /* Build configuration list for PBXNativeTarget "MovieSide" */;
			buildPhases = (
				4BD0623E213F167F00A6DC60 /* Sources */,
				4BD0623F213F167F00A6DC60 /* Frameworks */,
				4BD06240213F167F00A6DC60 /* Resources */,
			);
			buildRules = (
			);
			dependencies = (
			);
			name = MovieSide;
			productName = MovieSide;
			productReference = 4BD06242213F167F00A6DC60 /* MovieSide.app */;
			productType = "com.apple.product-type.application";
		};
		4BD06255213F168100A6DC60 /* MovieSideTests */ = {
			isa = PBXNativeTarget;
			buildConfigurationList = 4BD06262213F168100A6DC60 /* Build configuration list for PBXNativeTarget "MovieSideTests" */;
			buildPhases = (
				4BD06252213F168100A6DC60 /* Sources */,
				4BD06253213F168100A6DC60 /* Frameworks */,
				4BD06254213F168100A6DC60 /* Resources */,
			);
			buildRules = (
			);
			dependencies = (
				4BD06258213F168100A6DC60 /* PBXTargetDependency */,
			);
			name = MovieSideTests;
			productName = MovieSideTests;
			productReference = 4BD06256213F168100A6DC60 /* MovieSideTests.xctest */;
			productType = "com.apple.product-type.bundle.unit-test";
		};
/* End PBXNativeTarget section */

/* Begin PBXProject section */
		4BD0623A213F167F00A6DC60 /* Project object */ = {
			isa = PBXProject;
			attributes = {
				LastSwiftUpdateCheck = 0930;
				LastUpgradeCheck = 0930;
				ORGANIZATIONNAME = AppSide;
				TargetAttributes = {
					4BD06241213F167F00A6DC60 = {
						CreatedOnToolsVersion = 9.3.1;
					};
					4BD06255213F168100A6DC60 = {
						CreatedOnToolsVersion = 9.3.1;
						LastSwiftMigration = 0930;
						TestTargetID = 4BD06241213F167F00A6DC60;
					};
				};
			};
			buildConfigurationList = 4BD0623D213F167F00A6DC60 /* Build configuration list for PBXProject "MovieSide" */;
			compatibilityVersion = "Xcode 9.3";
			developmentRegion = en;
			hasScannedForEncodings = 0;
			knownRegions = (
				en,
				Base,
			);
			mainGroup = 4BD06239213F167F00A6DC60;
			productRefGroup = 4BD06243213F167F00A6DC60 /* Products */;
			projectDirPath = "";
			projectRoot = "";
			targets = (
				4BD06241213F167F00A6DC60 /* MovieSide */,
				4BD06255213F168100A6DC60 /* MovieSideTests */,
			);
		};
/* End PBXProject section */

/* Begin PBXResourcesBuildPhase section */
		4BD06240213F167F00A6DC60 /* Resources */ = {
			isa = PBXResourcesBuildPhase;
			buildActionMask = 2147483647;
			files = (
				4BD06250213F168100A6DC60 /* LaunchScreen.storyboard in Resources */,
				4BD0624D213F168100A6DC60 /* Assets.xcassets in Resources */,
				4BD06283213F22DA00A6DC60 /* MovieCell.xib in Resources */,
				4BD06273213F18DB00A6DC60 /* NowPlayingViewController.xib in Resources */,
			);
			runOnlyForDeploymentPostprocessing = 0;
		};
		4BD06254213F168100A6DC60 /* Resources */ = {
			isa = PBXResourcesBuildPhase;
			buildActionMask = 2147483647;
			files = (
			);
			runOnlyForDeploymentPostprocessing = 0;
		};
/* End PBXResourcesBuildPhase section */

/* Begin PBXSourcesBuildPhase section */
		4BD0623E213F167F00A6DC60 /* Sources */ = {
			isa = PBXSourcesBuildPhase;
			buildActionMask = 2147483647;
			files = (
				4BD06290213FC8A600A6DC60 /* MovieAPIClient.swift in Sources */,
				4BD06272213F18DB00A6DC60 /* NowPlayingViewController.swift in Sources */,
				4BD0629B213FCCA800A6DC60 /* APIEngine.swift in Sources */,
				4BD062A2213FE95A00A6DC60 /* APIEndpoints.swift in Sources */,
				4BD06299213FCC2100A6DC60 /* APIEngineProtocol.swift in Sources */,
				4BD06246213F167F00A6DC60 /* AppDelegate.swift in Sources */,
				4BD06282213F22DA00A6DC60 /* MovieCell.swift in Sources */,
				4BD06279213F209700A6DC60 /* NowPlayingViewModel.swift in Sources */,
				4BD06288213FC3BA00A6DC60 /* UICollectionViewExtensions.swift in Sources */,
				4BD06286213F257000A6DC60 /* UICollectionViewCellExtensions.swift in Sources */,
				4BD062A8213FED2200A6DC60 /* NowPlayingResponse.swift in Sources */,
				4BD062A5213FE9B000A6DC60 /* AppConstants.swift in Sources */,
				4BD0628E213FC75500A6DC60 /* MovieAPIProtocol.swift in Sources */,
				4BD062A0213FE91000A6DC60 /* APIError.swift in Sources */,
			);
			runOnlyForDeploymentPostprocessing = 0;
		};
		4BD06252213F168100A6DC60 /* Sources */ = {
			isa = PBXSourcesBuildPhase;
			buildActionMask = 2147483647;
			files = (
				4BD06296213FCB7500A6DC60 /* MovieAPIClientTests.swift in Sources */,
				4BD06276213F204400A6DC60 /* NowPlayingViewModelTests.swift in Sources */,
				4BD0626D213F186400A6DC60 /* NowPlayingViewControllerTests.swift in Sources */,
				4BD06293213FCA0A00A6DC60 /* MockAPIClient.swift in Sources */,
				4BD062AB213FF07B00A6DC60 /* MovieExtensions.swift in Sources */,
				4BD0629E213FCD8E00A6DC60 /* APIEngineTests.swift in Sources */,
			);
			runOnlyForDeploymentPostprocessing = 0;
		};
/* End PBXSourcesBuildPhase section */

/* Begin PBXTargetDependency section */
		4BD06258213F168100A6DC60 /* PBXTargetDependency */ = {
			isa = PBXTargetDependency;
			target = 4BD06241213F167F00A6DC60 /* MovieSide */;
			targetProxy = 4BD06257213F168100A6DC60 /* PBXContainerItemProxy */;
		};
/* End PBXTargetDependency section */

/* Begin PBXVariantGroup section */
		4BD0624E213F168100A6DC60 /* LaunchScreen.storyboard */ = {
			isa = PBXVariantGroup;
			children = (
				4BD0624F213F168100A6DC60 /* Base */,
			);
			name = LaunchScreen.storyboard;
			sourceTree = "<group>";
		};
/* End PBXVariantGroup section */

/* Begin XCBuildConfiguration section */
		4BD0625D213F168100A6DC60 /* Debug */ = {
			isa = XCBuildConfiguration;
			buildSettings = {
				ALWAYS_SEARCH_USER_PATHS = NO;
				CLANG_ANALYZER_NONNULL = YES;
				CLANG_ANALYZER_NUMBER_OBJECT_CONVERSION = YES_AGGRESSIVE;
				CLANG_CXX_LANGUAGE_STANDARD = "gnu++14";
				CLANG_CXX_LIBRARY = "libc++";
				CLANG_ENABLE_MODULES = YES;
				CLANG_ENABLE_OBJC_ARC = YES;
				CLANG_ENABLE_OBJC_WEAK = YES;
				CLANG_WARN_BLOCK_CAPTURE_AUTORELEASING = YES;
				CLANG_WARN_BOOL_CONVERSION = YES;
				CLANG_WARN_COMMA = YES;
				CLANG_WARN_CONSTANT_CONVERSION = YES;
				CLANG_WARN_DEPRECATED_OBJC_IMPLEMENTATIONS = YES;
				CLANG_WARN_DIRECT_OBJC_ISA_USAGE = YES_ERROR;
				CLANG_WARN_DOCUMENTATION_COMMENTS = YES;
				CLANG_WARN_EMPTY_BODY = YES;
				CLANG_WARN_ENUM_CONVERSION = YES;
				CLANG_WARN_INFINITE_RECURSION = YES;
				CLANG_WARN_INT_CONVERSION = YES;
				CLANG_WARN_NON_LITERAL_NULL_CONVERSION = YES;
				CLANG_WARN_OBJC_IMPLICIT_RETAIN_SELF = YES;
				CLANG_WARN_OBJC_LITERAL_CONVERSION = YES;
				CLANG_WARN_OBJC_ROOT_CLASS = YES_ERROR;
				CLANG_WARN_RANGE_LOOP_ANALYSIS = YES;
				CLANG_WARN_STRICT_PROTOTYPES = YES;
				CLANG_WARN_SUSPICIOUS_MOVE = YES;
				CLANG_WARN_UNGUARDED_AVAILABILITY = YES_AGGRESSIVE;
				CLANG_WARN_UNREACHABLE_CODE = YES;
				CLANG_WARN__DUPLICATE_METHOD_MATCH = YES;
				CODE_SIGN_IDENTITY = "iPhone Developer";
				COPY_PHASE_STRIP = NO;
				DEBUG_INFORMATION_FORMAT = dwarf;
				ENABLE_STRICT_OBJC_MSGSEND = YES;
				ENABLE_TESTABILITY = YES;
				GCC_C_LANGUAGE_STANDARD = gnu11;
				GCC_DYNAMIC_NO_PIC = NO;
				GCC_NO_COMMON_BLOCKS = YES;
				GCC_OPTIMIZATION_LEVEL = 0;
				GCC_PREPROCESSOR_DEFINITIONS = (
					"DEBUG=1",
					"$(inherited)",
				);
				GCC_WARN_64_TO_32_BIT_CONVERSION = YES;
				GCC_WARN_ABOUT_RETURN_TYPE = YES_ERROR;
				GCC_WARN_UNDECLARED_SELECTOR = YES;
				GCC_WARN_UNINITIALIZED_AUTOS = YES_AGGRESSIVE;
				GCC_WARN_UNUSED_FUNCTION = YES;
				GCC_WARN_UNUSED_VARIABLE = YES;
				IPHONEOS_DEPLOYMENT_TARGET = 10.0;
				MTL_ENABLE_DEBUG_INFO = YES;
				ONLY_ACTIVE_ARCH = YES;
				SDKROOT = iphoneos;
				SWIFT_ACTIVE_COMPILATION_CONDITIONS = DEBUG;
				SWIFT_OPTIMIZATION_LEVEL = "-Onone";
			};
			name = Debug;
		};
		4BD0625E213F168100A6DC60 /* Release */ = {
			isa = XCBuildConfiguration;
			buildSettings = {
				ALWAYS_SEARCH_USER_PATHS = NO;
				CLANG_ANALYZER_NONNULL = YES;
				CLANG_ANALYZER_NUMBER_OBJECT_CONVERSION = YES_AGGRESSIVE;
				CLANG_CXX_LANGUAGE_STANDARD = "gnu++14";
				CLANG_CXX_LIBRARY = "libc++";
				CLANG_ENABLE_MODULES = YES;
				CLANG_ENABLE_OBJC_ARC = YES;
				CLANG_ENABLE_OBJC_WEAK = YES;
				CLANG_WARN_BLOCK_CAPTURE_AUTORELEASING = YES;
				CLANG_WARN_BOOL_CONVERSION = YES;
				CLANG_WARN_COMMA = YES;
				CLANG_WARN_CONSTANT_CONVERSION = YES;
				CLANG_WARN_DEPRECATED_OBJC_IMPLEMENTATIONS = YES;
				CLANG_WARN_DIRECT_OBJC_ISA_USAGE = YES_ERROR;
				CLANG_WARN_DOCUMENTATION_COMMENTS = YES;
				CLANG_WARN_EMPTY_BODY = YES;
				CLANG_WARN_ENUM_CONVERSION = YES;
				CLANG_WARN_INFINITE_RECURSION = YES;
				CLANG_WARN_INT_CONVERSION = YES;
				CLANG_WARN_NON_LITERAL_NULL_CONVERSION = YES;
				CLANG_WARN_OBJC_IMPLICIT_RETAIN_SELF = YES;
				CLANG_WARN_OBJC_LITERAL_CONVERSION = YES;
				CLANG_WARN_OBJC_ROOT_CLASS = YES_ERROR;
				CLANG_WARN_RANGE_LOOP_ANALYSIS = YES;
				CLANG_WARN_STRICT_PROTOTYPES = YES;
				CLANG_WARN_SUSPICIOUS_MOVE = YES;
				CLANG_WARN_UNGUARDED_AVAILABILITY = YES_AGGRESSIVE;
				CLANG_WARN_UNREACHABLE_CODE = YES;
				CLANG_WARN__DUPLICATE_METHOD_MATCH = YES;
				CODE_SIGN_IDENTITY = "iPhone Developer";
				COPY_PHASE_STRIP = NO;
				DEBUG_INFORMATION_FORMAT = "dwarf-with-dsym";
				ENABLE_NS_ASSERTIONS = NO;
				ENABLE_STRICT_OBJC_MSGSEND = YES;
				GCC_C_LANGUAGE_STANDARD = gnu11;
				GCC_NO_COMMON_BLOCKS = YES;
				GCC_WARN_64_TO_32_BIT_CONVERSION = YES;
				GCC_WARN_ABOUT_RETURN_TYPE = YES_ERROR;
				GCC_WARN_UNDECLARED_SELECTOR = YES;
				GCC_WARN_UNINITIALIZED_AUTOS = YES_AGGRESSIVE;
				GCC_WARN_UNUSED_FUNCTION = YES;
				GCC_WARN_UNUSED_VARIABLE = YES;
				IPHONEOS_DEPLOYMENT_TARGET = 10.0;
				MTL_ENABLE_DEBUG_INFO = NO;
				SDKROOT = iphoneos;
				SWIFT_COMPILATION_MODE = wholemodule;
				SWIFT_OPTIMIZATION_LEVEL = "-O";
				VALIDATE_PRODUCT = YES;
			};
			name = Release;
		};
		4BD06260213F168100A6DC60 /* Debug */ = {
			isa = XCBuildConfiguration;
			buildSettings = {
				ASSETCATALOG_COMPILER_APPICON_NAME = AppIcon;
				CODE_SIGN_STYLE = Automatic;
				DEVELOPMENT_TEAM = 4GA7VHNLUN;
				INFOPLIST_FILE = "$(SRCROOT)/MovieSide/Resource/Info.plist";
				IPHONEOS_DEPLOYMENT_TARGET = 10.0;
				LD_RUNPATH_SEARCH_PATHS = (
					"$(inherited)",
					"@executable_path/Frameworks",
				);
				PRODUCT_BUNDLE_IDENTIFIER = co.appside.MovieSide;
				PRODUCT_NAME = "$(TARGET_NAME)";
				SWIFT_VERSION = 4.0;
				TARGETED_DEVICE_FAMILY = "1,2";
			};
			name = Debug;
		};
		4BD06261213F168100A6DC60 /* Release */ = {
			isa = XCBuildConfiguration;
			buildSettings = {
				ASSETCATALOG_COMPILER_APPICON_NAME = AppIcon;
				CODE_SIGN_STYLE = Automatic;
				DEVELOPMENT_TEAM = 4GA7VHNLUN;
				INFOPLIST_FILE = "$(SRCROOT)/MovieSide/Resource/Info.plist";
				IPHONEOS_DEPLOYMENT_TARGET = 10.0;
				LD_RUNPATH_SEARCH_PATHS = (
					"$(inherited)",
					"@executable_path/Frameworks",
				);
				PRODUCT_BUNDLE_IDENTIFIER = co.appside.MovieSide;
				PRODUCT_NAME = "$(TARGET_NAME)";
				SWIFT_VERSION = 4.0;
				TARGETED_DEVICE_FAMILY = "1,2";
			};
			name = Release;
		};
		4BD06263213F168100A6DC60 /* Debug */ = {
			isa = XCBuildConfiguration;
			buildSettings = {
				ALWAYS_EMBED_SWIFT_STANDARD_LIBRARIES = YES;
				BUNDLE_LOADER = "$(TEST_HOST)";
				CLANG_ENABLE_MODULES = YES;
				CODE_SIGN_STYLE = Automatic;
				DEVELOPMENT_TEAM = 4GA7VHNLUN;
				INFOPLIST_FILE = MovieSideTests/Info.plist;
				LD_RUNPATH_SEARCH_PATHS = (
					"$(inherited)",
					"@executable_path/Frameworks",
					"@loader_path/Frameworks",
				);
				PRODUCT_BUNDLE_IDENTIFIER = co.appside.MovieSideTests;
				PRODUCT_NAME = "$(TARGET_NAME)";
				SWIFT_OPTIMIZATION_LEVEL = "-Onone";
				SWIFT_VERSION = 4.0;
				TARGETED_DEVICE_FAMILY = "1,2";
				TEST_HOST = "$(BUILT_PRODUCTS_DIR)/MovieSide.app/MovieSide";
			};
			name = Debug;
		};
		4BD06264213F168100A6DC60 /* Release */ = {
			isa = XCBuildConfiguration;
			buildSettings = {
				ALWAYS_EMBED_SWIFT_STANDARD_LIBRARIES = YES;
				BUNDLE_LOADER = "$(TEST_HOST)";
				CLANG_ENABLE_MODULES = YES;
				CODE_SIGN_STYLE = Automatic;
				DEVELOPMENT_TEAM = 4GA7VHNLUN;
				INFOPLIST_FILE = MovieSideTests/Info.plist;
				LD_RUNPATH_SEARCH_PATHS = (
					"$(inherited)",
					"@executable_path/Frameworks",
					"@loader_path/Frameworks",
				);
				PRODUCT_BUNDLE_IDENTIFIER = co.appside.MovieSideTests;
				PRODUCT_NAME = "$(TARGET_NAME)";
				SWIFT_VERSION = 4.0;
				TARGETED_DEVICE_FAMILY = "1,2";
				TEST_HOST = "$(BUILT_PRODUCTS_DIR)/MovieSide.app/MovieSide";
			};
			name = Release;
		};
/* End XCBuildConfiguration section */

/* Begin XCConfigurationList section */
		4BD0623D213F167F00A6DC60 /* Build configuration list for PBXProject "MovieSide" */ = {
			isa = XCConfigurationList;
			buildConfigurations = (
				4BD0625D213F168100A6DC60 /* Debug */,
				4BD0625E213F168100A6DC60 /* Release */,
			);
			defaultConfigurationIsVisible = 0;
			defaultConfigurationName = Release;
		};
		4BD0625F213F168100A6DC60 /* Build configuration list for PBXNativeTarget "MovieSide" */ = {
			isa = XCConfigurationList;
			buildConfigurations = (
				4BD06260213F168100A6DC60 /* Debug */,
				4BD06261213F168100A6DC60 /* Release */,
			);
			defaultConfigurationIsVisible = 0;
			defaultConfigurationName = Release;
		};
		4BD06262213F168100A6DC60 /* Build configuration list for PBXNativeTarget "MovieSideTests" */ = {
			isa = XCConfigurationList;
			buildConfigurations = (
				4BD06263213F168100A6DC60 /* Debug */,
				4BD06264213F168100A6DC60 /* Release */,
			);
			defaultConfigurationIsVisible = 0;
			defaultConfigurationName = Release;
		};
/* End XCConfigurationList section */
	};
	rootObject = 4BD0623A213F167F00A6DC60 /* Project object */;
}
